version: 1
generated_at: 2026-05-25T13:04:27Z
internal: []
trusted:
  - action: actions/checkout
    refs:
      - v2
    occurrences:
      v2:
        .github/workflows/bugfix-reproducer.yml:
          - jobs.test.steps.[0].uses
        .github/workflows/ci-workflow.yml:
          - jobs.test.steps.[0].uses
        .github/workflows/compatibility-elixir.yml:
          - jobs.test_on_source.steps.[0].uses
        .github/workflows/compatibility-phoenix.yml:
          - jobs.test_on_source.steps.[0].uses
          - jobs.test_on_new_project.steps.[0].uses
external:
  - action: erlef/setup-beam
    refs:
      - v1
    occurrences:
      v1:
        .github/workflows/bugfix-reproducer.yml:
          - jobs.test.steps.[1].uses
        .github/workflows/ci-workflow.yml:
          - jobs.test.steps.[1].uses
        .github/workflows/compatibility-elixir.yml:
          - jobs.test_on_source.steps.[1].uses
        .github/workflows/compatibility-phoenix.yml:
          - jobs.test_on_source.steps.[1].uses
          - jobs.test_on_new_project.steps.[1].uses
local: []
docker: []
dynamic: []
